// !$*UTF8*$!
{
	archiveVersion = 1;
	classes = {
	};
	objectVersion = 46;
	objects = {

/* Begin PBXBuildFile section */
		E95B6B411F4C6BBC001BEFDC /* AppDelegate.swift in Sources */ = {isa = PBXBuildFile; fileRef = E95B6B401F4C6BBC001BEFDC /* AppDelegate.swift */; };
		E95B6B431F4C6BBC001BEFDC /* ViewController.swift in Sources */ = {isa = PBXBuildFile; fileRef = E95B6B421F4C6BBC001BEFDC /* ViewController.swift */; };
		E95B6B461F4C6BBC001BEFDC /* Main.storyboard in Resources */ = {isa = PBXBuildFile; fileRef = E95B6B441F4C6BBC001BEFDC /* Main.storyboard */; };
		E95B6B481F4C6BBC001BEFDC /* Assets.xcassets in Resources */ = {isa = PBXBuildFile; fileRef = E95B6B471F4C6BBC001BEFDC /* Assets.xcassets */; };
		E95B6B4B1F4C6BBC001BEFDC /* LaunchScreen.storyboard in Resources */ = {isa = PBXBuildFile; fileRef = E95B6B491F4C6BBC001BEFDC /* LaunchScreen.storyboard */; };
		E95B6B531F4DDB27001BEFDC /* NetworkCallHandler.swift in Sources */ = {isa = PBXBuildFile; fileRef = E95B6B521F4DDB27001BEFDC /* NetworkCallHandler.swift */; };
/* End PBXBuildFile section */

/* Begin PBXFileReference section */
		E95B6B3D1F4C6BBC001BEFDC /* HelloWorld.app */ = {isa = PBXFileReference; explicitFileType = wrapper.application; includeInIndex = 0; path = HelloWorld.app; sourceTree = BUILT_PRODUCTS_DIR; };
		E95B6B401F4C6BBC001BEFDC /* AppDelegate.swift */ = {isa = PBXFileReference; lastKnownFileType = sourcecode.swift; path = AppDelegate.swift; sourceTree = "<group>"; };
		E95B6B421F4C6BBC001BEFDC /* ViewController.swift */ = {isa = PBXFileReference; lastKnownFileType = sourcecode.swift; path = ViewController.swift; sourceTree = "<group>"; };
		E95B6B451F4C6BBC001BEFDC /* Base */ = {isa = PBXFileReference; lastKnownFileType = file.storyboard; name = Base; path = Base.lproj/Main.storyboard; sourceTree = "<group>"; };
		E95B6B471F4C6BBC001BEFDC /* Assets.xcassets */ = {isa = PBXFileReference; lastKnownFileType = folder.assetcatalog; path = Assets.xcassets; sourceTree = "<group>"; };
		E95B6B4A1F4C6BBC001BEFDC /* Base */ = {isa = PBXFileReference; lastKnownFileType = file.storyboard; name = Base; path = Base.lproj/LaunchScreen.storyboard; sourceTree = "<group>"; };
		E95B6B4C1F4C6BBC001BEFDC /* Info.plist */ = {isa = PBXFileReference; lastKnownFileType = text.plist.xml; path = Info.plist; sourceTree = "<group>"; };
		E95B6B521F4DDB27001BEFDC /* NetworkCallHandler.swift */ = {isa = PBXFileReference; fileEncoding = 4; lastKnownFileType = sourcecode.swift; path = NetworkCallHandler.swift; sourceTree = "<group>"; };
/* End PBXFileReference section */

/* Begin PBXFrameworksBuildPhase section */
		E95B6B3A1F4C6BBC001BEFDC /* Frameworks */ = {
			isa = PBXFrameworksBuildPhase;
			buildActionMask = 2147483647;
			files = (
			);
			runOnlyForDeploymentPostprocessing = 0;
		};
/* End PBXFrameworksBuildPhase section */

/* Begin PBXGroup section */
		E95B6B341F4C6BBC001BEFDC = {
			isa = PBXGroup;
			children = (
				E95B6B3F1F4C6BBC001BEFDC /* HelloWorld */,
				E95B6B3E1F4C6BBC001BEFDC /* Products */,
			);
			sourceTree = "<group>";
		};
		E95B6B3E1F4C6BBC001BEFDC /* Products */ = {
			isa = PBXGroup;
			children = (
				E95B6B3D1F4C6BBC001BEFDC /* HelloWorld.app */,
			);
			name = Products;
			sourceTree = "<group>";
		};
		E95B6B3F1F4C6BBC001BEFDC /* HelloWorld */ = {
			isa = PBXGroup;
			children = (
				E95B6B401F4C6BBC001BEFDC /* AppDelegate.swift */,
				E95B6B421F4C6BBC001BEFDC /* ViewController.swift */,
				E95B6B441F4C6BBC001BEFDC /* Main.storyboard */,
				E95B6B471F4C6BBC001BEFDC /* Assets.xcassets */,
				E95B6B491F4C6BBC001BEFDC /* LaunchScreen.storyboard */,
				E95B6B4C1F4C6BBC001BEFDC /* Info.plist */,
				E95B6B521F4DDB27001BEFDC /* NetworkCallHandler.swift */,
			);
			path = HelloWorld;
			sourceTree = "<group>";
		};
/* End PBXGroup section */

/* Begin PBXNativeTarget section */
		E95B6B3C1F4C6BBC001BEFDC /* HelloWorld */ = {
			isa = PBXNativeTarget;
			buildConfigurationList = E95B6B4F1F4C6BBC001BEFDC /* Build configuration list for PBXNativeTarget "HelloWorld" */;
			buildPhases = (
				E95B6B391F4C6BBC001BEFDC /* Sources */,
				E95B6B3A1F4C6BBC001BEFDC /* Frameworks */,
				E95B6B3B1F4C6BBC001BEFDC /* Resources */,
			);
			buildRules = (
			);
			dependencies = (
			);
			name = HelloWorld;
			productName = HelloWorld;
			productReference = E95B6B3D1F4C6BBC001BEFDC /* HelloWorld.app */;
			productType = "com.apple.product-type.application";
		};
/* End PBXNativeTarget section */

/* Begin PBXProject section */
		E95B6B351F4C6BBC001BEFDC /* Project object */ = {
			isa = PBXProject;
			attributes = {
				LastSwiftUpdateCheck = 0830;
				LastUpgradeCheck = 0830;
				ORGANIZATIONNAME = "Nimit Dineshbhai Kalaria";
				TargetAttributes = {
					E95B6B3C1F4C6BBC001BEFDC = {
						CreatedOnToolsVersion = 8.3.3;
						ProvisioningStyle = Automatic;
					};
				};
			};
			buildConfigurationList = E95B6B381F4C6BBC001BEFDC /* Build configuration list for PBXProject "HelloWorld" */;
			compatibilityVersion = "Xcode 3.2";
			developmentRegion = English;
			hasScannedForEncodings = 0;
			knownRegions = (
				en,
				Base,
			);
			mainGroup = E95B6B341F4C6BBC001BEFDC;
			productRefGroup = E95B6B3E1F4C6BBC001BEFDC /* Products */;
			projectDirPath = "";
			projectRoot = "";
			targets = (
				E95B6B3C1F4C6BBC001BEFDC /* HelloWorld */,
			);
		};
/* End PBXProject section */

/* Begin PBXResourcesBuildPhase section */
		E95B6B3B1F4C6BBC001BEFDC /* Resources */ = {
			isa = PBXResourcesBuildPhase;
			buildActionMask = 2147483647;
			files = (
				E95B6B4B1F4C6BBC001BEFDC /* LaunchScreen.storyboard in Resources */,
				E95B6B481F4C6BBC001BEFDC /* Assets.xcassets in Resources */,
				E95B6B461F4C6BBC001BEFDC /* Main.storyboard in Resources */,
			);
			runOnlyForDeploymentPostprocessing = 0;
		};
/* End PBXResourcesBuildPhase section */

/* Begin PBXSourcesBuildPhase section */
		E95B6B391F4C6BBC001BEFDC /* Sources */ = {
			isa = PBXSourcesBuildPhase;
			buildActionMask = 2147483647;
			files = (
				E95B6B431F4C6BBC001BEFDC /* ViewController.swift in Sources */,
				E95B6B411F4C6BBC001BEFDC /* AppDelegate.swift in Sources */,
				E95B6B531F4DDB27001BEFDC /* NetworkCallHandler.swift in Sources */,
			);
			runOnlyForDeploymentPostprocessing = 0;
		};
/* End PBXSourcesBuildPhase section */

/* Begin PBXVariantGroup section */
		E95B6B441F4C6BBC001BEFDC /* Main.storyboard */ = {
			isa = PBXVariantGroup;
			children = (
				E95B6B451F4C6BBC001BEFDC /* Base */,
			);
			name = Main.storyboard;
			sourceTree = "<group>";
		};
		E95B6B491F4C6BBC001BEFDC /* LaunchScreen.storyboard */ = {
			isa = PBXVariantGroup;
			children = (
				E95B6B4A1F4C6BBC001BEFDC /* Base */,
			);
			name = LaunchScreen.storyboard;
			sourceTree = "<group>";
		};
/* End PBXVariantGroup section */

/* Begin XCBuildConfiguration section */
		E95B6B4D1F4C6BBC001BEFDC /* Debug */ = {
			isa = XCBuildConfiguration;
			buildSettings = {
				ALWAYS_SEARCH_USER_PATHS = NO;
				CLANG_ANALYZER_NONNULL = YES;
				CLANG_ANALYZER_NUMBER_OBJECT_CONVERSION = YES_AGGRESSIVE;
				CLANG_CXX_LANGUAGE_STANDARD = "gnu++0x";
				CLANG_CXX_LIBRARY = "libc++";
				CLANG_ENABLE_MODULES = YES;
				CLANG_ENABLE_OBJC_ARC = YES;
				CLANG_WARN_BOOL_CONVERSION = YES;
				CLANG_WARN_CONSTANT_CONVERSION = YES;
				CLANG_WARN_DIRECT_OBJC_ISA_USAGE = YES_ERROR;
				CLANG_WARN_DOCUMENTATION_COMMENTS = YES;
				CLANG_WARN_EMPTY_BODY = YES;
				CLANG_WARN_ENUM_CONVERSION = YES;
				CLANG_WARN_INFINITE_RECURSION = YES;
				CLANG_WARN_INT_CONVERSION = YES;
				CLANG_WARN_OBJC_ROOT_CLASS = YES_ERROR;
				CLANG_WARN_SUSPICIOUS_MOVE = YES;
				CLANG_WARN_UNREACHABLE_CODE = YES;
				CLANG_WARN__DUPLICATE_METHOD_MATCH = YES;
				"CODE_SIGN_IDENTITY[sdk=iphoneos*]" = "iPhone Developer";
				COPY_PHASE_STRIP = NO;
				DEBUG_INFORMATION_FORMAT = dwarf;
				ENABLE_STRICT_OBJC_MSGSEND = YES;
				ENABLE_TESTABILITY = YES;
				GCC_C_LANGUAGE_STANDARD = gnu99;
				GCC_DYNAMIC_NO_PIC = NO;
				GCC_NO_COMMON_BLOCKS = YES;
				GCC_OPTIMIZATION_LEVEL = 0;
				GCC_PREPROCESSOR_DEFINITIONS = (
					"DEBUG=1",
					"$(inherited)",
				);
				GCC_WARN_64_TO_32_BIT_CONVERSION = YES;
				GCC_WARN_ABOUT_RETURN_TYPE = YES_ERROR;
				GCC_WARN_UNDECLARED_SELECTOR = YES;
				GCC_WARN_UNINITIALIZED_AUTOS = YES_AGGRESSIVE;
				GCC_WARN_UNUSED_FUNCTION = YES;
				GCC_WARN_UNUSED_VARIABLE = YES;
				IPHONEOS_DEPLOYMENT_TARGET = 10.3;
				MTL_ENABLE_DEBUG_INFO = YES;
				ONLY_ACTIVE_ARCH = YES;
				SDKROOT = iphoneos;
				SWIFT_ACTIVE_COMPILATION_CONDITIONS = DEBUG;
				SWIFT_OPTIMIZATION_LEVEL = "-Onone";
			};
			name = Debug;
		};
		E95B6B4E1F4C6BBC001BEFDC /* Release */ = {
			isa = XCBuildConfiguration;
			buildSettings = {
				ALWAYS_SEARCH_USER_PATHS = NO;
				CLANG_ANALYZER_NONNULL = YES;
				CLANG_ANALYZER_NUMBER_OBJECT_CONVERSION = YES_AGGRESSIVE;
				CLANG_CXX_LANGUAGE_STANDARD = "gnu++0x";
				CLANG_CXX_LIBRARY = "libc++";
				CLANG_ENABLE_MODULES = YES;
				CLANG_ENABLE_OBJC_ARC = YES;
				CLANG_WARN_BOOL_CONVERSION = YES;
				CLANG_WARN_CONSTANT_CONVERSION = YES;
				CLANG_WARN_DIRECT_OBJC_ISA_USAGE = YES_ERROR;
				CLANG_WARN_DOCUMENTATION_COMMENTS = YES;
				CLANG_WARN_EMPTY_BODY = YES;
				CLANG_WARN_ENUM_CONVERSION = YES;
				CLANG_WARN_INFINITE_RECURSION = YES;
				CLANG_WARN_INT_CONVERSION = YES;
				CLANG_WARN_OBJC_ROOT_CLASS = YES_ERROR;
				CLANG_WARN_SUSPICIOUS_MOVE = YES;
				CLANG_WARN_UNREACHABLE_CODE = YES;
				CLANG_WARN__DUPLICATE_METHOD_MATCH = YES;
				"CODE_SIGN_IDENTITY[sdk=iphoneos*]" = "iPhone Developer";
				COPY_PHASE_STRIP = NO;
				DEBUG_INFORMATION_FORMAT = "dwarf-with-dsym";
				ENABLE_NS_ASSERTIONS = NO;
				ENABLE_STRICT_OBJC_MSGSEND = YES;
				GCC_C_LANGUAGE_STANDARD = gnu99;
				GCC_NO_COMMON_BLOCKS = YES;
				GCC_WARN_64_TO_32_BIT_CONVERSION = YES;
				GCC_WARN_ABOUT_RETURN_TYPE = YES_ERROR;
				GCC_WARN_UNDECLARED_SELECTOR = YES;
				GCC_WARN_UNINITIALIZED_AUTOS = YES_AGGRESSIVE;
				GCC_WARN_UNUSED_FUNCTION = YES;
				GCC_WARN_UNUSED_VARIABLE = YES;
				IPHONEOS_DEPLOYMENT_TARGET = 10.3;
				MTL_ENABLE_DEBUG_INFO = NO;
				SDKROOT = iphoneos;
				SWIFT_OPTIMIZATION_LEVEL = "-Owholemodule";
				VALIDATE_PRODUCT = YES;
			};
			name = Release;
		};
		E95B6B501F4C6BBC001BEFDC /* Debug */ = {
			isa = XCBuildConfiguration;
			buildSettings = {
				ASSETCATALOG_COMPILER_APPICON_NAME = AppIcon;
				INFOPLIST_FILE = HelloWorld/Info.plist;
				LD_RUNPATH_SEARCH_PATHS = "$(inherited) @executable_path/Frameworks";
				PRODUCT_BUNDLE_IDENTIFIER = edu.self.HelloWorld;
				PRODUCT_NAME = "$(TARGET_NAME)";
				SWIFT_VERSION = 3.0;
			};
			name = Debug;
		};
		E95B6B511F4C6BBC001BEFDC /* Release */ = {
			isa = XCBuildConfiguration;
			buildSettings = {
				ASSETCATALOG_COMPILER_APPICON_NAME = AppIcon;
				INFOPLIST_FILE = HelloWorld/Info.plist;
				LD_RUNPATH_SEARCH_PATHS = "$(inherited) @executable_path/Frameworks";
				PRODUCT_BUNDLE_IDENTIFIER = edu.self.HelloWorld;
				PRODUCT_NAME = "$(TARGET_NAME)";
				SWIFT_VERSION = 3.0;
			};
			name = Release;
		};
/* End XCBuildConfiguration section */

/* Begin XCConfigurationList section */
		E95B6B381F4C6BBC001BEFDC /* Build configuration list for PBXProject "HelloWorld" */ = {
			isa = XCConfigurationList;
			buildConfigurations = (
				E95B6B4D1F4C6BBC001BEFDC /* Debug */,
				E95B6B4E1F4C6BBC001BEFDC /* Release */,
			);
			defaultConfigurationIsVisible = 0;
			defaultConfigurationName = Release;
		};
		E95B6B4F1F4C6BBC001BEFDC /* Build configuration list for PBXNativeTarget "HelloWorld" */ = {
			isa = XCConfigurationList;
			buildConfigurations = (
				E95B6B501F4C6BBC001BEFDC /* Debug */,
				E95B6B511F4C6BBC001BEFDC /* Release */,
			);
			defaultConfigurationIsVisible = 0;
		};
/* End XCConfigurationList section */
	};
	rootObject = E95B6B351F4C6BBC001BEFDC /* Project object */;
}
